
Microsoft Visual Studio Solution File, Format Version 12.00
# Visual Studio 15
VisualStudioVersion = 15.0.28010.0
MinimumVisualStudioVersion = 10.0.40219.1
Project("{FAE04EC0-301F-11D3-BF4B-00C04F79EFBC}") = "ShopMe.Entities", "ShopMe.Entities\ShopMe.Entities.csproj", "{0984079C-3467-4754-8BDB-8E547E72A233}"
EndProject
Project("{FAE04EC0-301F-11D3-BF4B-00C04F79EFBC}") = "ShopMe.Domains", "ShopMe.Domains\ShopMe.Domains.csproj", "{2D80A30B-6A2E-46FC-AB2A-8D2D78792BFD}"
EndProject
Global
	GlobalSection(SolutionConfigurationPlatforms) = preSolution
		Debug|Any CPU = Debug|Any CPU
		Release|Any CPU = Release|Any CPU
	EndGlobalSection
	GlobalSection(ProjectConfigurationPlatforms) = postSolution
		{0984079C-3467-4754-8BDB-8E547E72A233}.Debug|Any CPU.ActiveCfg = Debug|Any CPU
		{0984079C-3467-4754-8BDB-8E547E72A233}.Debug|Any CPU.Build.0 = Debug|Any CPU
		{0984079C-3467-4754-8BDB-8E547E72A233}.Release|Any CPU.ActiveCfg = Release|Any CPU
		{0984079C-3467-4754-8BDB-8E547E72A233}.Release|Any CPU.Build.0 = Release|Any CPU
		{2D80A30B-6A2E-46FC-AB2A-8D2D78792BFD}.Debug|Any CPU.ActiveCfg = Debug|Any CPU
		{2D80A30B-6A2E-46FC-AB2A-8D2D78792BFD}.Debug|Any CPU.Build.0 = Debug|Any CPU
		{2D80A30B-6A2E-46FC-AB2A-8D2D78792BFD}.Release|Any CPU.ActiveCfg = Release|Any CPU
		{2D80A30B-6A2E-46FC-AB2A-8D2D78792BFD}.Release|Any CPU.Build.0 = Release|Any CPU
	EndGlobalSection
	GlobalSection(SolutionProperties) = preSolution
		HideSolutionNode = FALSE
	EndGlobalSection
	GlobalSection(ExtensibilityGlobals) = postSolution
		SolutionGuid = {A25FD186-E151-4FF7-99BF-366A8D9320FB}
	EndGlobalSection
EndGlobal
